// !$*UTF8*$!
{
	archiveVersion = 1;
	classes = {
	};
	objectVersion = 52;
	objects = {

/* Begin PBXBuildFile section */
		6417DEFC25504426001A8A09 /* ios_graphql_with_apolloApp.swift in Sources */ = {isa = PBXBuildFile; fileRef = 6417DEFB25504426001A8A09 /* ios_graphql_with_apolloApp.swift */; };
		6417DEFE25504426001A8A09 /* ContentView.swift in Sources */ = {isa = PBXBuildFile; fileRef = 6417DEFD25504426001A8A09 /* ContentView.swift */; };
		6417DF0025504426001A8A09 /* Assets.xcassets in Resources */ = {isa = PBXBuildFile; fileRef = 6417DEFF25504426001A8A09 /* Assets.xcassets */; };
		6417DF0325504426001A8A09 /* Preview Assets.xcassets in Resources */ = {isa = PBXBuildFile; fileRef = 6417DF0225504426001A8A09 /* Preview Assets.xcassets */; };
		6417DF0E25504427001A8A09 /* ios_graphql_with_apolloTests.swift in Sources */ = {isa = PBXBuildFile; fileRef = 6417DF0D25504427001A8A09 /* ios_graphql_with_apolloTests.swift */; };
		6417DF1925504427001A8A09 /* ios_graphql_with_apolloUITests.swift in Sources */ = {isa = PBXBuildFile; fileRef = 6417DF1825504427001A8A09 /* ios_graphql_with_apolloUITests.swift */; };
		6417DF2B25504D73001A8A09 /* ApolloCore in Frameworks */ = {isa = PBXBuildFile; productRef = 6417DF2A25504D73001A8A09 /* ApolloCore */; };
		6417DF2D25504D73001A8A09 /* ApolloSQLite in Frameworks */ = {isa = PBXBuildFile; productRef = 6417DF2C25504D73001A8A09 /* ApolloSQLite */; };
		6417DF2F25504D73001A8A09 /* ApolloWebSocket in Frameworks */ = {isa = PBXBuildFile; productRef = 6417DF2E25504D73001A8A09 /* ApolloWebSocket */; };
		6417DF3125504D73001A8A09 /* Apollo in Frameworks */ = {isa = PBXBuildFile; productRef = 6417DF3025504D73001A8A09 /* Apollo */; };
		6417DF3325504D73001A8A09 /* ApolloCodegenLib in Frameworks */ = {isa = PBXBuildFile; productRef = 6417DF3225504D73001A8A09 /* ApolloCodegenLib */; };
		6417DF3825505055001A8A09 /* schema.json in Resources */ = {isa = PBXBuildFile; fileRef = 6417DF3725505055001A8A09 /* schema.json */; };
		6417DF3E2550519A001A8A09 /* Apollo.swift in Sources */ = {isa = PBXBuildFile; fileRef = 6417DF3D2550519A001A8A09 /* Apollo.swift */; };
		6417DF46255051BC001A8A09 /* Queries.graphql in Resources */ = {isa = PBXBuildFile; fileRef = 6417DF45255051BC001A8A09 /* Queries.graphql */; };
		6417DF542550573D001A8A09 /* API.swift in Sources */ = {isa = PBXBuildFile; fileRef = 6417DF532550573D001A8A09 /* API.swift */; };
/* End PBXBuildFile section */

/* Begin PBXContainerItemProxy section */
		6417DF0A25504427001A8A09 /* PBXContainerItemProxy */ = {
			isa = PBXContainerItemProxy;
			containerPortal = 6417DEF025504426001A8A09 /* Project object */;
			proxyType = 1;
			remoteGlobalIDString = 6417DEF725504426001A8A09;
			remoteInfo = "ios-graphql-with-apollo";
		};
		6417DF1525504427001A8A09 /* PBXContainerItemProxy */ = {
			isa = PBXContainerItemProxy;
			containerPortal = 6417DEF025504426001A8A09 /* Project object */;
			proxyType = 1;
			remoteGlobalIDString = 6417DEF725504426001A8A09;
			remoteInfo = "ios-graphql-with-apollo";
		};
/* End PBXContainerItemProxy section */

/* Begin PBXFileReference section */
		6417DEF825504426001A8A09 /* ios-graphql-with-apollo.app */ = {isa = PBXFileReference; explicitFileType = wrapper.application; includeInIndex = 0; path = "ios-graphql-with-apollo.app"; sourceTree = BUILT_PRODUCTS_DIR; };
		6417DEFB25504426001A8A09 /* ios_graphql_with_apolloApp.swift */ = {isa = PBXFileReference; lastKnownFileType = sourcecode.swift; path = ios_graphql_with_apolloApp.swift; sourceTree = "<group>"; };
		6417DEFD25504426001A8A09 /* ContentView.swift */ = {isa = PBXFileReference; lastKnownFileType = sourcecode.swift; path = ContentView.swift; sourceTree = "<group>"; };
		6417DEFF25504426001A8A09 /* Assets.xcassets */ = {isa = PBXFileReference; lastKnownFileType = folder.assetcatalog; path = Assets.xcassets; sourceTree = "<group>"; };
		6417DF0225504426001A8A09 /* Preview Assets.xcassets */ = {isa = PBXFileReference; lastKnownFileType = folder.assetcatalog; path = "Preview Assets.xcassets"; sourceTree = "<group>"; };
		6417DF0425504426001A8A09 /* Info.plist */ = {isa = PBXFileReference; lastKnownFileType = text.plist.xml; path = Info.plist; sourceTree = "<group>"; };
		6417DF0925504427001A8A09 /* ios-graphql-with-apolloTests.xctest */ = {isa = PBXFileReference; explicitFileType = wrapper.cfbundle; includeInIndex = 0; path = "ios-graphql-with-apolloTests.xctest"; sourceTree = BUILT_PRODUCTS_DIR; };
		6417DF0D25504427001A8A09 /* ios_graphql_with_apolloTests.swift */ = {isa = PBXFileReference; lastKnownFileType = sourcecode.swift; path = ios_graphql_with_apolloTests.swift; sourceTree = "<group>"; };
		6417DF0F25504427001A8A09 /* Info.plist */ = {isa = PBXFileReference; lastKnownFileType = text.plist.xml; path = Info.plist; sourceTree = "<group>"; };
		6417DF1425504427001A8A09 /* ios-graphql-with-apolloUITests.xctest */ = {isa = PBXFileReference; explicitFileType = wrapper.cfbundle; includeInIndex = 0; path = "ios-graphql-with-apolloUITests.xctest"; sourceTree = BUILT_PRODUCTS_DIR; };
		6417DF1825504427001A8A09 /* ios_graphql_with_apolloUITests.swift */ = {isa = PBXFileReference; lastKnownFileType = sourcecode.swift; path = ios_graphql_with_apolloUITests.swift; sourceTree = "<group>"; };
		6417DF1A25504427001A8A09 /* Info.plist */ = {isa = PBXFileReference; lastKnownFileType = text.plist.xml; path = Info.plist; sourceTree = "<group>"; };
		6417DF3725505055001A8A09 /* schema.json */ = {isa = PBXFileReference; fileEncoding = 4; lastKnownFileType = text.json; path = schema.json; sourceTree = "<group>"; };
		6417DF3D2550519A001A8A09 /* Apollo.swift */ = {isa = PBXFileReference; lastKnownFileType = sourcecode.swift; path = Apollo.swift; sourceTree = "<group>"; };
		6417DF45255051BC001A8A09 /* Queries.graphql */ = {isa = PBXFileReference; lastKnownFileType = text; path = Queries.graphql; sourceTree = "<group>"; };
		6417DF532550573D001A8A09 /* API.swift */ = {isa = PBXFileReference; fileEncoding = 4; lastKnownFileType = sourcecode.swift; path = API.swift; sourceTree = "<group>"; };
/* End PBXFileReference section */

/* Begin PBXFrameworksBuildPhase section */
		6417DEF525504426001A8A09 /* Frameworks */ = {
			isa = PBXFrameworksBuildPhase;
			buildActionMask = 2147483647;
			files = (
				6417DF3325504D73001A8A09 /* ApolloCodegenLib in Frameworks */,
				6417DF2B25504D73001A8A09 /* ApolloCore in Frameworks */,
				6417DF3125504D73001A8A09 /* Apollo in Frameworks */,
				6417DF2F25504D73001A8A09 /* ApolloWebSocket in Frameworks */,
				6417DF2D25504D73001A8A09 /* ApolloSQLite in Frameworks */,
			);
			runOnlyForDeploymentPostprocessing = 0;
		};
		6417DF0625504427001A8A09 /* Frameworks */ = {
			isa = PBXFrameworksBuildPhase;
			buildActionMask = 2147483647;
			files = (
			);
			runOnlyForDeploymentPostprocessing = 0;
		};
		6417DF1125504427001A8A09 /* Frameworks */ = {
			isa = PBXFrameworksBuildPhase;
			buildActionMask = 2147483647;
			files = (
			);
			runOnlyForDeploymentPostprocessing = 0;
		};
/* End PBXFrameworksBuildPhase section */

/* Begin PBXGroup section */
		6417DEEF25504426001A8A09 = {
			isa = PBXGroup;
			children = (
				6417DEFA25504426001A8A09 /* ios-graphql-with-apollo */,
				6417DF0C25504427001A8A09 /* ios-graphql-with-apolloTests */,
				6417DF1725504427001A8A09 /* ios-graphql-with-apolloUITests */,
				6417DEF925504426001A8A09 /* Products */,
			);
			sourceTree = "<group>";
		};
		6417DEF925504426001A8A09 /* Products */ = {
			isa = PBXGroup;
			children = (
				6417DEF825504426001A8A09 /* ios-graphql-with-apollo.app */,
				6417DF0925504427001A8A09 /* ios-graphql-with-apolloTests.xctest */,
				6417DF1425504427001A8A09 /* ios-graphql-with-apolloUITests.xctest */,
			);
			name = Products;
			sourceTree = "<group>";
		};
		6417DEFA25504426001A8A09 /* ios-graphql-with-apollo */ = {
			isa = PBXGroup;
			children = (
				6417DF3C25505188001A8A09 /* GraphQL */,
				6417DF3725505055001A8A09 /* schema.json */,
				6417DEFB25504426001A8A09 /* ios_graphql_with_apolloApp.swift */,
				6417DEFD25504426001A8A09 /* ContentView.swift */,
				6417DEFF25504426001A8A09 /* Assets.xcassets */,
				6417DF0425504426001A8A09 /* Info.plist */,
				6417DF0125504426001A8A09 /* Preview Content */,
			);
			path = "ios-graphql-with-apollo";
			sourceTree = "<group>";
		};
		6417DF0125504426001A8A09 /* Preview Content */ = {
			isa = PBXGroup;
			children = (
				6417DF0225504426001A8A09 /* Preview Assets.xcassets */,
			);
			path = "Preview Content";
			sourceTree = "<group>";
		};
		6417DF0C25504427001A8A09 /* ios-graphql-with-apolloTests */ = {
			isa = PBXGroup;
			children = (
				6417DF0D25504427001A8A09 /* ios_graphql_with_apolloTests.swift */,
				6417DF0F25504427001A8A09 /* Info.plist */,
			);
			path = "ios-graphql-with-apolloTests";
			sourceTree = "<group>";
		};
		6417DF1725504427001A8A09 /* ios-graphql-with-apolloUITests */ = {
			isa = PBXGroup;
			children = (
				6417DF1825504427001A8A09 /* ios_graphql_with_apolloUITests.swift */,
				6417DF1A25504427001A8A09 /* Info.plist */,
			);
			path = "ios-graphql-with-apolloUITests";
			sourceTree = "<group>";
		};
		6417DF3C25505188001A8A09 /* GraphQL */ = {
			isa = PBXGroup;
			children = (
				6417DF532550573D001A8A09 /* API.swift */,
				6417DF3D2550519A001A8A09 /* Apollo.swift */,
				6417DF45255051BC001A8A09 /* Queries.graphql */,
			);
			path = GraphQL;
			sourceTree = "<group>";
		};
/* End PBXGroup section */

/* Begin PBXNativeTarget section */
		6417DEF725504426001A8A09 /* ios-graphql-with-apollo */ = {
			isa = PBXNativeTarget;
			buildConfigurationList = 6417DF1D25504427001A8A09 /* Build configuration list for PBXNativeTarget "ios-graphql-with-apollo" */;
			buildPhases = (
				6417DF4A25505618001A8A09 /* Generate Apollo GraphQL API */,
				6417DEF425504426001A8A09 /* Sources */,
				6417DEF525504426001A8A09 /* Frameworks */,
				6417DEF625504426001A8A09 /* Resources */,
			);
			buildRules = (
			);
			dependencies = (
			);
			name = "ios-graphql-with-apollo";
			packageProductDependencies = (
				6417DF2A25504D73001A8A09 /* ApolloCore */,
				6417DF2C25504D73001A8A09 /* ApolloSQLite */,
				6417DF2E25504D73001A8A09 /* ApolloWebSocket */,
				6417DF3025504D73001A8A09 /* Apollo */,
				6417DF3225504D73001A8A09 /* ApolloCodegenLib */,
			);
			productName = "ios-graphql-with-apollo";
			productReference = 6417DEF825504426001A8A09 /* ios-graphql-with-apollo.app */;
			productType = "com.apple.product-type.application";
		};
		6417DF0825504427001A8A09 /* ios-graphql-with-apolloTests */ = {
			isa = PBXNativeTarget;
			buildConfigurationList = 6417DF2025504427001A8A09 /* Build configuration list for PBXNativeTarget "ios-graphql-with-apolloTests" */;
			buildPhases = (
				6417DF0525504427001A8A09 /* Sources */,
				6417DF0625504427001A8A09 /* Frameworks */,
				6417DF0725504427001A8A09 /* Resources */,
			);
			buildRules = (
			);
			dependencies = (
				6417DF0B25504427001A8A09 /* PBXTargetDependency */,
			);
			name = "ios-graphql-with-apolloTests";
			productName = "ios-graphql-with-apolloTests";
			productReference = 6417DF0925504427001A8A09 /* ios-graphql-with-apolloTests.xctest */;
			productType = "com.apple.product-type.bundle.unit-test";
		};
		6417DF1325504427001A8A09 /* ios-graphql-with-apolloUITests */ = {
			isa = PBXNativeTarget;
			buildConfigurationList = 6417DF2325504427001A8A09 /* Build configuration list for PBXNativeTarget "ios-graphql-with-apolloUITests" */;
			buildPhases = (
				6417DF1025504427001A8A09 /* Sources */,
				6417DF1125504427001A8A09 /* Frameworks */,
				6417DF1225504427001A8A09 /* Resources */,
			);
			buildRules = (
			);
			dependencies = (
				6417DF1625504427001A8A09 /* PBXTargetDependency */,
			);
			name = "ios-graphql-with-apolloUITests";
			productName = "ios-graphql-with-apolloUITests";
			productReference = 6417DF1425504427001A8A09 /* ios-graphql-with-apolloUITests.xctest */;
			productType = "com.apple.product-type.bundle.ui-testing";
		};
/* End PBXNativeTarget section */

/* Begin PBXProject section */
		6417DEF025504426001A8A09 /* Project object */ = {
			isa = PBXProject;
			attributes = {
				LastSwiftUpdateCheck = 1210;
				LastUpgradeCheck = 1210;
				TargetAttributes = {
					6417DEF725504426001A8A09 = {
						CreatedOnToolsVersion = 12.1;
					};
					6417DF0825504427001A8A09 = {
						CreatedOnToolsVersion = 12.1;
						TestTargetID = 6417DEF725504426001A8A09;
					};
					6417DF1325504427001A8A09 = {
						CreatedOnToolsVersion = 12.1;
						TestTargetID = 6417DEF725504426001A8A09;
					};
				};
			};
			buildConfigurationList = 6417DEF325504426001A8A09 /* Build configuration list for PBXProject "ios-graphql-with-apollo" */;
			compatibilityVersion = "Xcode 9.3";
			developmentRegion = en;
			hasScannedForEncodings = 0;
			knownRegions = (
				en,
				Base,
			);
			mainGroup = 6417DEEF25504426001A8A09;
			packageReferences = (
				6417DF2925504D73001A8A09 /* XCRemoteSwiftPackageReference "apollo-ios" */,
			);
			productRefGroup = 6417DEF925504426001A8A09 /* Products */;
			projectDirPath = "";
			projectRoot = "";
			targets = (
				6417DEF725504426001A8A09 /* ios-graphql-with-apollo */,
				6417DF0825504427001A8A09 /* ios-graphql-with-apolloTests */,
				6417DF1325504427001A8A09 /* ios-graphql-with-apolloUITests */,
			);
		};
/* End PBXProject section */

/* Begin PBXResourcesBuildPhase section */
		6417DEF625504426001A8A09 /* Resources */ = {
			isa = PBXResourcesBuildPhase;
			buildActionMask = 2147483647;
			files = (
				6417DF0325504426001A8A09 /* Preview Assets.xcassets in Resources */,
				6417DF3825505055001A8A09 /* schema.json in Resources */,
				6417DF46255051BC001A8A09 /* Queries.graphql in Resources */,
				6417DF0025504426001A8A09 /* Assets.xcassets in Resources */,
			);
			runOnlyForDeploymentPostprocessing = 0;
		};
		6417DF0725504427001A8A09 /* Resources */ = {
			isa = PBXResourcesBuildPhase;
			buildActionMask = 2147483647;
			files = (
			);
			runOnlyForDeploymentPostprocessing = 0;
		};
		6417DF1225504427001A8A09 /* Resources */ = {
			isa = PBXResourcesBuildPhase;
			buildActionMask = 2147483647;
			files = (
			);
			runOnlyForDeploymentPostprocessing = 0;
		};
/* End PBXResourcesBuildPhase section */

/* Begin PBXShellScriptBuildPhase section */
		6417DF4A25505618001A8A09 /* Generate Apollo GraphQL API */ = {
			isa = PBXShellScriptBuildPhase;
			buildActionMask = 2147483647;
			files = (
			);
			inputFileListPaths = (
			);
			inputPaths = (
			);
			name = "Generate Apollo GraphQL API";
			outputFileListPaths = (
			);
			outputPaths = (
			);
			runOnlyForDeploymentPostprocessing = 0;
			shellPath = /bin/sh;
			shellScript = "# Go to the build root and search up the chain to find the Derived Data Path where the source packages are checked out.\nDERIVED_DATA_CANDIDATE=\"${BUILD_ROOT}\"\n\nwhile ! [ -d \"${DERIVED_DATA_CANDIDATE}/SourcePackages\" ]; do\n  if [ \"${DERIVED_DATA_CANDIDATE}\" = / ]; then\n    echo >&2 \"error: Unable to locate SourcePackages directory from BUILD_ROOT: '${BUILD_ROOT}'\"\n    exit 1\n  fi\n\n  DERIVED_DATA_CANDIDATE=\"$(dirname \"${DERIVED_DATA_CANDIDATE}\")\"\ndone\n\n# Grab a reference to the directory where scripts are checked out\nSCRIPT_PATH=\"${DERIVED_DATA_CANDIDATE}/SourcePackages/checkouts/apollo-ios/scripts\"\n\nif [ -z \"${SCRIPT_PATH}\" ]; then\n    echo >&2 \"error: Couldn't find the CLI script in your checked out SPM packages; make sure to add the framework to your project.\"\n    exit 1\nfi\n\ncd \"${SRCROOT}/${TARGET_NAME}\"\n\"${SCRIPT_PATH}\"/run-bundled-codegen.sh codegen:generate --target=swift --includes=./**/*.graphql --localSchemaFile=\"schema.json\" API.swift\n";
		};
/* End PBXShellScriptBuildPhase section */

/* Begin PBXSourcesBuildPhase section */
		6417DEF425504426001A8A09 /* Sources */ = {
			isa = PBXSourcesBuildPhase;
			buildActionMask = 2147483647;
			files = (
				6417DEFE25504426001A8A09 /* ContentView.swift in Sources */,
				6417DF3E2550519A001A8A09 /* Apollo.swift in Sources */,
				6417DF542550573D001A8A09 /* API.swift in Sources */,
				6417DEFC25504426001A8A09 /* ios_graphql_with_apolloApp.swift in Sources */,
			);
			runOnlyForDeploymentPostprocessing = 0;
		};
		6417DF0525504427001A8A09 /* Sources */ = {
			isa = PBXSourcesBuildPhase;
			buildActionMask = 2147483647;
			files = (
				6417DF0E25504427001A8A09 /* ios_graphql_with_apolloTests.swift in Sources */,
			);
			runOnlyForDeploymentPostprocessing = 0;
		};
		6417DF1025504427001A8A09 /* Sources */ = {
			isa = PBXSourcesBuildPhase;
			buildActionMask = 2147483647;
			files = (
				6417DF1925504427001A8A09 /* ios_graphql_with_apolloUITests.swift in Sources */,
			);
			runOnlyForDeploymentPostprocessing = 0;
		};
/* End PBXSourcesBuildPhase section */

/* Begin PBXTargetDependency section */
		6417DF0B25504427001A8A09 /* PBXTargetDependency */ = {
			isa = PBXTargetDependency;
			target = 6417DEF725504426001A8A09 /* ios-graphql-with-apollo */;
			targetProxy = 6417DF0A25504427001A8A09 /* PBXContainerItemProxy */;
		};
		6417DF1625504427001A8A09 /* PBXTargetDependency */ = {
			isa = PBXTargetDependency;
			target = 6417DEF725504426001A8A09 /* ios-graphql-with-apollo */;
			targetProxy = 6417DF1525504427001A8A09 /* PBXContainerItemProxy */;
		};
/* End PBXTargetDependency section */

/* Begin XCBuildConfiguration section */
		6417DF1B25504427001A8A09 /* Debug */ = {
			isa = XCBuildConfiguration;
			buildSettings = {
				ALWAYS_SEARCH_USER_PATHS = NO;
				CLANG_ANALYZER_NONNULL = YES;
				CLANG_ANALYZER_NUMBER_OBJECT_CONVERSION = YES_AGGRESSIVE;
				CLANG_CXX_LANGUAGE_STANDARD = "gnu++14";
				CLANG_CXX_LIBRARY = "libc++";
				CLANG_ENABLE_MODULES = YES;
				CLANG_ENABLE_OBJC_ARC = YES;
				CLANG_ENABLE_OBJC_WEAK = YES;
				CLANG_WARN_BLOCK_CAPTURE_AUTORELEASING = YES;
				CLANG_WARN_BOOL_CONVERSION = YES;
				CLANG_WARN_COMMA = YES;
				CLANG_WARN_CONSTANT_CONVERSION = YES;
				CLANG_WARN_DEPRECATED_OBJC_IMPLEMENTATIONS = YES;
				CLANG_WARN_DIRECT_OBJC_ISA_USAGE = YES_ERROR;
				CLANG_WARN_DOCUMENTATION_COMMENTS = YES;
				CLANG_WARN_EMPTY_BODY = YES;
				CLANG_WARN_ENUM_CONVERSION = YES;
				CLANG_WARN_INFINITE_RECURSION = YES;
				CLANG_WARN_INT_CONVERSION = YES;
				CLANG_WARN_NON_LITERAL_NULL_CONVERSION = YES;
				CLANG_WARN_OBJC_IMPLICIT_RETAIN_SELF = YES;
				CLANG_WARN_OBJC_LITERAL_CONVERSION = YES;
				CLANG_WARN_OBJC_ROOT_CLASS = YES_ERROR;
				CLANG_WARN_QUOTED_INCLUDE_IN_FRAMEWORK_HEADER = YES;
				CLANG_WARN_RANGE_LOOP_ANALYSIS = YES;
				CLANG_WARN_STRICT_PROTOTYPES = YES;
				CLANG_WARN_SUSPICIOUS_MOVE = YES;
				CLANG_WARN_UNGUARDED_AVAILABILITY = YES_AGGRESSIVE;
				CLANG_WARN_UNREACHABLE_CODE = YES;
				CLANG_WARN__DUPLICATE_METHOD_MATCH = YES;
				COPY_PHASE_STRIP = NO;
				DEBUG_INFORMATION_FORMAT = dwarf;
				ENABLE_STRICT_OBJC_MSGSEND = YES;
				ENABLE_TESTABILITY = YES;
				GCC_C_LANGUAGE_STANDARD = gnu11;
				GCC_DYNAMIC_NO_PIC = NO;
				GCC_NO_COMMON_BLOCKS = YES;
				GCC_OPTIMIZATION_LEVEL = 0;
				GCC_PREPROCESSOR_DEFINITIONS = (
					"DEBUG=1",
					"$(inherited)",
				);
				GCC_WARN_64_TO_32_BIT_CONVERSION = YES;
				GCC_WARN_ABOUT_RETURN_TYPE = YES_ERROR;
				GCC_WARN_UNDECLARED_SELECTOR = YES;
				GCC_WARN_UNINITIALIZED_AUTOS = YES_AGGRESSIVE;
				GCC_WARN_UNUSED_FUNCTION = YES;
				GCC_WARN_UNUSED_VARIABLE = YES;
				IPHONEOS_DEPLOYMENT_TARGET = 14.1;
				MTL_ENABLE_DEBUG_INFO = INCLUDE_SOURCE;
				MTL_FAST_MATH = YES;
				ONLY_ACTIVE_ARCH = YES;
				SDKROOT = iphoneos;
				SWIFT_ACTIVE_COMPILATION_CONDITIONS = DEBUG;
				SWIFT_OPTIMIZATION_LEVEL = "-Onone";
			};
			name = Debug;
		};
		6417DF1C25504427001A8A09 /* Release */ = {
			isa = XCBuildConfiguration;
			buildSettings = {
				ALWAYS_SEARCH_USER_PATHS = NO;
				CLANG_ANALYZER_NONNULL = YES;
				CLANG_ANALYZER_NUMBER_OBJECT_CONVERSION = YES_AGGRESSIVE;
				CLANG_CXX_LANGUAGE_STANDARD = "gnu++14";
				CLANG_CXX_LIBRARY = "libc++";
				CLANG_ENABLE_MODULES = YES;
				CLANG_ENABLE_OBJC_ARC = YES;
				CLANG_ENABLE_OBJC_WEAK = YES;
				CLANG_WARN_BLOCK_CAPTURE_AUTORELEASING = YES;
				CLANG_WARN_BOOL_CONVERSION = YES;
				CLANG_WARN_COMMA = YES;
				CLANG_WARN_CONSTANT_CONVERSION = YES;
				CLANG_WARN_DEPRECATED_OBJC_IMPLEMENTATIONS = YES;
				CLANG_WARN_DIRECT_OBJC_ISA_USAGE = YES_ERROR;
				CLANG_WARN_DOCUMENTATION_COMMENTS = YES;
				CLANG_WARN_EMPTY_BODY = YES;
				CLANG_WARN_ENUM_CONVERSION = YES;
				CLANG_WARN_INFINITE_RECURSION = YES;
				CLANG_WARN_INT_CONVERSION = YES;
				CLANG_WARN_NON_LITERAL_NULL_CONVERSION = YES;
				CLANG_WARN_OBJC_IMPLICIT_RETAIN_SELF = YES;
				CLANG_WARN_OBJC_LITERAL_CONVERSION = YES;
				CLANG_WARN_OBJC_ROOT_CLASS = YES_ERROR;
				CLANG_WARN_QUOTED_INCLUDE_IN_FRAMEWORK_HEADER = YES;
				CLANG_WARN_RANGE_LOOP_ANALYSIS = YES;
				CLANG_WARN_STRICT_PROTOTYPES = YES;
				CLANG_WARN_SUSPICIOUS_MOVE = YES;
				CLANG_WARN_UNGUARDED_AVAILABILITY = YES_AGGRESSIVE;
				CLANG_WARN_UNREACHABLE_CODE = YES;
				CLANG_WARN__DUPLICATE_METHOD_MATCH = YES;
				COPY_PHASE_STRIP = NO;
				DEBUG_INFORMATION_FORMAT = "dwarf-with-dsym";
				ENABLE_NS_ASSERTIONS = NO;
				ENABLE_STRICT_OBJC_MSGSEND = YES;
				GCC_C_LANGUAGE_STANDARD = gnu11;
				GCC_NO_COMMON_BLOCKS = YES;
				GCC_WARN_64_TO_32_BIT_CONVERSION = YES;
				GCC_WARN_ABOUT_RETURN_TYPE = YES_ERROR;
				GCC_WARN_UNDECLARED_SELECTOR = YES;
				GCC_WARN_UNINITIALIZED_AUTOS = YES_AGGRESSIVE;
				GCC_WARN_UNUSED_FUNCTION = YES;
				GCC_WARN_UNUSED_VARIABLE = YES;
				IPHONEOS_DEPLOYMENT_TARGET = 14.1;
				MTL_ENABLE_DEBUG_INFO = NO;
				MTL_FAST_MATH = YES;
				SDKROOT = iphoneos;
				SWIFT_COMPILATION_MODE = wholemodule;
				SWIFT_OPTIMIZATION_LEVEL = "-O";
				VALIDATE_PRODUCT = YES;
			};
			name = Release;
		};
		6417DF1E25504427001A8A09 /* Debug */ = {
			isa = XCBuildConfiguration;
			buildSettings = {
				ASSETCATALOG_COMPILER_APPICON_NAME = AppIcon;
				ASSETCATALOG_COMPILER_GLOBAL_ACCENT_COLOR_NAME = AccentColor;
				CODE_SIGN_STYLE = Automatic;
				DEVELOPMENT_ASSET_PATHS = "\"ios-graphql-with-apollo/Preview Content\"";
				DEVELOPMENT_TEAM = 7AFB5ZUUVF;
				ENABLE_PREVIEWS = YES;
				INFOPLIST_FILE = "ios-graphql-with-apollo/Info.plist";
				IPHONEOS_DEPLOYMENT_TARGET = 14.0;
				LD_RUNPATH_SEARCH_PATHS = (
					"$(inherited)",
					"@executable_path/Frameworks",
				);
				PRODUCT_BUNDLE_IDENTIFIER = "github.com.duonghominhhuy.ios-graphql-with-apollo";
				PRODUCT_NAME = "$(TARGET_NAME)";
				SWIFT_VERSION = 5.0;
				TARGETED_DEVICE_FAMILY = "1,2";
			};
			name = Debug;
		};
		6417DF1F25504427001A8A09 /* Release */ = {
			isa = XCBuildConfiguration;
			buildSettings = {
				ASSETCATALOG_COMPILER_APPICON_NAME = AppIcon;
				ASSETCATALOG_COMPILER_GLOBAL_ACCENT_COLOR_NAME = AccentColor;
				CODE_SIGN_STYLE = Automatic;
				DEVELOPMENT_ASSET_PATHS = "\"ios-graphql-with-apollo/Preview Content\"";
				DEVELOPMENT_TEAM = 7AFB5ZUUVF;
				ENABLE_PREVIEWS = YES;
				INFOPLIST_FILE = "ios-graphql-with-apollo/Info.plist";
				IPHONEOS_DEPLOYMENT_TARGET = 14.0;
				LD_RUNPATH_SEARCH_PATHS = (
					"$(inherited)",
					"@executable_path/Frameworks",
				);
				PRODUCT_BUNDLE_IDENTIFIER = "github.com.duonghominhhuy.ios-graphql-with-apollo";
				PRODUCT_NAME = "$(TARGET_NAME)";
				SWIFT_VERSION = 5.0;
				TARGETED_DEVICE_FAMILY = "1,2";
			};
			name = Release;
		};
		6417DF2125504427001A8A09 /* Debug */ = {
			isa = XCBuildConfiguration;
			buildSettings = {
				ALWAYS_EMBED_SWIFT_STANDARD_LIBRARIES = YES;
				BUNDLE_LOADER = "$(TEST_HOST)";
				CODE_SIGN_STYLE = Automatic;
				DEVELOPMENT_TEAM = 7AFB5ZUUVF;
				INFOPLIST_FILE = "ios-graphql-with-apolloTests/Info.plist";
				IPHONEOS_DEPLOYMENT_TARGET = 14.0;
				LD_RUNPATH_SEARCH_PATHS = (
					"$(inherited)",
					"@executable_path/Frameworks",
					"@loader_path/Frameworks",
				);
				PRODUCT_BUNDLE_IDENTIFIER = "github.com.duonghominhhuy.ios-graphql-with-apolloTests";
				PRODUCT_NAME = "$(TARGET_NAME)";
				SWIFT_VERSION = 5.0;
				TARGETED_DEVICE_FAMILY = "1,2";
				TEST_HOST = "$(BUILT_PRODUCTS_DIR)/ios-graphql-with-apollo.app/ios-graphql-with-apollo";
			};
			name = Debug;
		};
		6417DF2225504427001A8A09 /* Release */ = {
			isa = XCBuildConfiguration;
			buildSettings = {
				ALWAYS_EMBED_SWIFT_STANDARD_LIBRARIES = YES;
				BUNDLE_LOADER = "$(TEST_HOST)";
				CODE_SIGN_STYLE = Automatic;
				DEVELOPMENT_TEAM = 7AFB5ZUUVF;
				INFOPLIST_FILE = "ios-graphql-with-apolloTests/Info.plist";
				IPHONEOS_DEPLOYMENT_TARGET = 14.0;
				LD_RUNPATH_SEARCH_PATHS = (
					"$(inherited)",
					"@executable_path/Frameworks",
					"@loader_path/Frameworks",
				);
				PRODUCT_BUNDLE_IDENTIFIER = "github.com.duonghominhhuy.ios-graphql-with-apolloTests";
				PRODUCT_NAME = "$(TARGET_NAME)";
				SWIFT_VERSION = 5.0;
				TARGETED_DEVICE_FAMILY = "1,2";
				TEST_HOST = "$(BUILT_PRODUCTS_DIR)/ios-graphql-with-apollo.app/ios-graphql-with-apollo";
			};
			name = Release;
		};
		6417DF2425504427001A8A09 /* Debug */ = {
			isa = XCBuildConfiguration;
			buildSettings = {
				ALWAYS_EMBED_SWIFT_STANDARD_LIBRARIES = YES;
				CODE_SIGN_STYLE = Automatic;
				DEVELOPMENT_TEAM = 7AFB5ZUUVF;
				INFOPLIST_FILE = "ios-graphql-with-apolloUITests/Info.plist";
				LD_RUNPATH_SEARCH_PATHS = (
					"$(inherited)",
					"@executable_path/Frameworks",
					"@loader_path/Frameworks",
				);
				PRODUCT_BUNDLE_IDENTIFIER = "github.com.duonghominhhuy.ios-graphql-with-apolloUITests";
				PRODUCT_NAME = "$(TARGET_NAME)";
				SWIFT_VERSION = 5.0;
				TARGETED_DEVICE_FAMILY = "1,2";
				TEST_TARGET_NAME = "ios-graphql-with-apollo";
			};
			name = Debug;
		};
		6417DF2525504427001A8A09 /* Release */ = {
			isa = XCBuildConfiguration;
			buildSettings = {
				ALWAYS_EMBED_SWIFT_STANDARD_LIBRARIES = YES;
				CODE_SIGN_STYLE = Automatic;
				DEVELOPMENT_TEAM = 7AFB5ZUUVF;
				INFOPLIST_FILE = "ios-graphql-with-apolloUITests/Info.plist";
				LD_RUNPATH_SEARCH_PATHS = (
					"$(inherited)",
					"@executable_path/Frameworks",
					"@loader_path/Frameworks",
				);
				PRODUCT_BUNDLE_IDENTIFIER = "github.com.duonghominhhuy.ios-graphql-with-apolloUITests";
				PRODUCT_NAME = "$(TARGET_NAME)";
				SWIFT_VERSION = 5.0;
				TARGETED_DEVICE_FAMILY = "1,2";
				TEST_TARGET_NAME = "ios-graphql-with-apollo";
			};
			name = Release;
		};
/* End XCBuildConfiguration section */

/* Begin XCConfigurationList section */
		6417DEF325504426001A8A09 /* Build configuration list for PBXProject "ios-graphql-with-apollo" */ = {
			isa = XCConfigurationList;
			buildConfigurations = (
				6417DF1B25504427001A8A09 /* Debug */,
				6417DF1C25504427001A8A09 /* Release */,
			);
			defaultConfigurationIsVisible = 0;
			defaultConfigurationName = Release;
		};
		6417DF1D25504427001A8A09 /* Build configuration list for PBXNativeTarget "ios-graphql-with-apollo" */ = {
			isa = XCConfigurationList;
			buildConfigurations = (
				6417DF1E25504427001A8A09 /* Debug */,
				6417DF1F25504427001A8A09 /* Release */,
			);
			defaultConfigurationIsVisible = 0;
			defaultConfigurationName = Release;
		};
		6417DF2025504427001A8A09 /* Build configuration list for PBXNativeTarget "ios-graphql-with-apolloTests" */ = {
			isa = XCConfigurationList;
			buildConfigurations = (
				6417DF2125504427001A8A09 /* Debug */,
				6417DF2225504427001A8A09 /* Release */,
			);
			defaultConfigurationIsVisible = 0;
			defaultConfigurationName = Release;
		};
		6417DF2325504427001A8A09 /* Build configuration list for PBXNativeTarget "ios-graphql-with-apolloUITests" */ = {
			isa = XCConfigurationList;
			buildConfigurations = (
				6417DF2425504427001A8A09 /* Debug */,
				6417DF2525504427001A8A09 /* Release */,
			);
			defaultConfigurationIsVisible = 0;
			defaultConfigurationName = Release;
		};
/* End XCConfigurationList section */

/* Begin XCRemoteSwiftPackageReference section */
		6417DF2925504D73001A8A09 /* XCRemoteSwiftPackageReference "apollo-ios" */ = {
			isa = XCRemoteSwiftPackageReference;
			repositoryURL = "https://github.com/apollographql/apollo-ios.git";
			requirement = {
				kind = upToNextMajorVersion;
				minimumVersion = 0.36.0;
			};
		};
/* End XCRemoteSwiftPackageReference section */

/* Begin XCSwiftPackageProductDependency section */
		6417DF2A25504D73001A8A09 /* ApolloCore */ = {
			isa = XCSwiftPackageProductDependency;
			package = 6417DF2925504D73001A8A09 /* XCRemoteSwiftPackageReference "apollo-ios" */;
			productName = ApolloCore;
		};
		6417DF2C25504D73001A8A09 /* ApolloSQLite */ = {
			isa = XCSwiftPackageProductDependency;
			package = 6417DF2925504D73001A8A09 /* XCRemoteSwiftPackageReference "apollo-ios" */;
			productName = ApolloSQLite;
		};
		6417DF2E25504D73001A8A09 /* ApolloWebSocket */ = {
			isa = XCSwiftPackageProductDependency;
			package = 6417DF2925504D73001A8A09 /* XCRemoteSwiftPackageReference "apollo-ios" */;
			productName = ApolloWebSocket;
		};
		6417DF3025504D73001A8A09 /* Apollo */ = {
			isa = XCSwiftPackageProductDependency;
			package = 6417DF2925504D73001A8A09 /* XCRemoteSwiftPackageReference "apollo-ios" */;
			productName = Apollo;
		};
		6417DF3225504D73001A8A09 /* ApolloCodegenLib */ = {
			isa = XCSwiftPackageProductDependency;
			package = 6417DF2925504D73001A8A09 /* XCRemoteSwiftPackageReference "apollo-ios" */;
			productName = ApolloCodegenLib;
		};
/* End XCSwiftPackageProductDependency section */
	};
	rootObject = 6417DEF025504426001A8A09 /* Project object */;
}
